// !$*UTF8*$!
{
	archiveVersion = 1;
	classes = {
	};
	objectVersion = 46;
	objects = {

/* Begin PBXBuildFile section */
		38BA685E1BA37C9500F7B2CD /* MBProgressHUD.m in Sources */ = {isa = PBXBuildFile; fileRef = 38BA681E1BA37C9500F7B2CD /* MBProgressHUD.m */; };
		38BA685F1BA37C9500F7B2CD /* MKAnnotationView+WebCache.m in Sources */ = {isa = PBXBuildFile; fileRef = 38BA68211BA37C9500F7B2CD /* MKAnnotationView+WebCache.m */; };
		38BA68601BA37C9500F7B2CD /* NSData+ImageContentType.m in Sources */ = {isa = PBXBuildFile; fileRef = 38BA68231BA37C9500F7B2CD /* NSData+ImageContentType.m */; };
		38BA68611BA37C9500F7B2CD /* SDImageCache.m in Sources */ = {isa = PBXBuildFile; fileRef = 38BA68251BA37C9500F7B2CD /* SDImageCache.m */; };
		38BA68621BA37C9500F7B2CD /* SDWebImageCompat.m in Sources */ = {isa = PBXBuildFile; fileRef = 38BA68271BA37C9500F7B2CD /* SDWebImageCompat.m */; };
		38BA68631BA37C9500F7B2CD /* SDWebImageDecoder.m in Sources */ = {isa = PBXBuildFile; fileRef = 38BA68291BA37C9500F7B2CD /* SDWebImageDecoder.m */; };
		38BA68641BA37C9500F7B2CD /* SDWebImageDownloader.m in Sources */ = {isa = PBXBuildFile; fileRef = 38BA682B1BA37C9500F7B2CD /* SDWebImageDownloader.m */; };
		38BA68651BA37C9500F7B2CD /* SDWebImageDownloaderOperation.m in Sources */ = {isa = PBXBuildFile; fileRef = 38BA682D1BA37C9500F7B2CD /* SDWebImageDownloaderOperation.m */; };
		38BA68661BA37C9500F7B2CD /* SDWebImageManager.m in Sources */ = {isa = PBXBuildFile; fileRef = 38BA682F1BA37C9500F7B2CD /* SDWebImageManager.m */; };
		38BA68671BA37C9500F7B2CD /* SDWebImagePrefetcher.m in Sources */ = {isa = PBXBuildFile; fileRef = 38BA68321BA37C9500F7B2CD /* SDWebImagePrefetcher.m */; };
		38BA68681BA37C9500F7B2CD /* UIButton+WebCache.m in Sources */ = {isa = PBXBuildFile; fileRef = 38BA68341BA37C9500F7B2CD /* UIButton+WebCache.m */; };
		38BA68691BA37C9500F7B2CD /* UIImage+GIF.m in Sources */ = {isa = PBXBuildFile; fileRef = 38BA68361BA37C9500F7B2CD /* UIImage+GIF.m */; };
		38BA686A1BA37C9500F7B2CD /* UIImage+MultiFormat.m in Sources */ = {isa = PBXBuildFile; fileRef = 38BA68381BA37C9500F7B2CD /* UIImage+MultiFormat.m */; };
		38BA686B1BA37C9500F7B2CD /* UIImage+WebP.m in Sources */ = {isa = PBXBuildFile; fileRef = 38BA683A1BA37C9500F7B2CD /* UIImage+WebP.m */; };
		38BA686C1BA37C9500F7B2CD /* UIImageView+HighlightedWebCache.m in Sources */ = {isa = PBXBuildFile; fileRef = 38BA683C1BA37C9500F7B2CD /* UIImageView+HighlightedWebCache.m */; };
		38BA686D1BA37C9500F7B2CD /* UIImageView+WebCache.m in Sources */ = {isa = PBXBuildFile; fileRef = 38BA683E1BA37C9500F7B2CD /* UIImageView+WebCache.m */; };
		38BA686E1BA37C9500F7B2CD /* UIView+WebCacheOperation.m in Sources */ = {isa = PBXBuildFile; fileRef = 38BA68401BA37C9500F7B2CD /* UIView+WebCacheOperation.m */; };
		38BA686F1BA37C9500F7B2CD /* UIScrollView+SVInfiniteScrolling.m in Sources */ = {isa = PBXBuildFile; fileRef = 38BA68441BA37C9500F7B2CD /* UIScrollView+SVInfiniteScrolling.m */; };
		38BA68701BA37C9500F7B2CD /* UIScrollView+SVPullToRefresh.m in Sources */ = {isa = PBXBuildFile; fileRef = 38BA68461BA37C9500F7B2CD /* UIScrollView+SVPullToRefresh.m */; };
		38BA68711BA37C9500F7B2CD /* NSString+UB.m in Sources */ = {isa = PBXBuildFile; fileRef = 38BA68491BA37C9500F7B2CD /* NSString+UB.m */; };
		38BA68721BA37C9500F7B2CD /* NSURL+UB.m in Sources */ = {isa = PBXBuildFile; fileRef = 38BA684B1BA37C9500F7B2CD /* NSURL+UB.m */; };
		38BA68731BA37C9500F7B2CD /* UBConfigurableUriBeacon.m in Sources */ = {isa = PBXBuildFile; fileRef = 38BA684D1BA37C9500F7B2CD /* UBConfigurableUriBeacon.m */; };
		38BA68741BA37C9500F7B2CD /* UBUriBeacon.m in Sources */ = {isa = PBXBuildFile; fileRef = 38BA68501BA37C9500F7B2CD /* UBUriBeacon.m */; };
		38BA68751BA37C9500F7B2CD /* UBUriBeaconReader.m in Sources */ = {isa = PBXBuildFile; fileRef = 38BA68531BA37C9500F7B2CD /* UBUriBeaconReader.m */; };
		38BA68761BA37C9500F7B2CD /* UBUriBeaconScanner.m in Sources */ = {isa = PBXBuildFile; fileRef = 38BA68551BA37C9500F7B2CD /* UBUriBeaconScanner.m */; };
		38BA68771BA37C9500F7B2CD /* UBUriBeaconWriter.m in Sources */ = {isa = PBXBuildFile; fileRef = 38BA68581BA37C9500F7B2CD /* UBUriBeaconWriter.m */; };
		38BA68781BA37C9500F7B2CD /* UBUriReader.m in Sources */ = {isa = PBXBuildFile; fileRef = 38BA685A1BA37C9500F7B2CD /* UBUriReader.m */; };
		38BA68791BA37C9500F7B2CD /* UBUriWriter.m in Sources */ = {isa = PBXBuildFile; fileRef = 38BA685C1BA37C9500F7B2CD /* UBUriWriter.m */; };
		BD3E51B91B4C4ED000F3ECBF /* PWBeaconChartTableViewCell.m in Sources */ = {isa = PBXBuildFile; fileRef = BD3E51B81B4C4ED000F3ECBF /* PWBeaconChartTableViewCell.m */; };
		BDC5A9AC1B3B3A90008D9A0B /* PWChartViewController.m in Sources */ = {isa = PBXBuildFile; fileRef = BDC5A9AB1B3B3A90008D9A0B /* PWChartViewController.m */; };
		BDDC71081B4B20C20000581C /* JBChartView.m in Sources */ = {isa = PBXBuildFile; fileRef = BDDC71051B4B20C20000581C /* JBChartView.m */; };
		BDDC71091B4B20C20000581C /* JBLineChartView.m in Sources */ = {isa = PBXBuildFile; fileRef = BDDC71071B4B20C20000581C /* JBLineChartView.m */; };
		BDE4D8A619DE0242007938F0 /* LaunchScreen.xib in Resources */ = {isa = PBXBuildFile; fileRef = BDE4D8A519DE0242007938F0 /* LaunchScreen.xib */; };
		BDE4D8A819DE03F1007938F0 /* LaunchIcon.png in Resources */ = {isa = PBXBuildFile; fileRef = BDE4D8A719DE03F1007938F0 /* LaunchIcon.png */; };
		BDE4D8B419DE154B007938F0 /* PWPlaceholderView.m in Sources */ = {isa = PBXBuildFile; fileRef = BDE4D8B319DE154B007938F0 /* PWPlaceholderView.m */; };
		BDE4D8B819DF65A4007938F0 /* Progress1.png in Resources */ = {isa = PBXBuildFile; fileRef = BDE4D8B519DF65A4007938F0 /* Progress1.png */; };
		BDE4D8B919DF65A4007938F0 /* Progress2.png in Resources */ = {isa = PBXBuildFile; fileRef = BDE4D8B619DF65A4007938F0 /* Progress2.png */; };
		BDE4D8BA19DF65A4007938F0 /* Progress3.png in Resources */ = {isa = PBXBuildFile; fileRef = BDE4D8B719DF65A4007938F0 /* Progress3.png */; };
		BDE4D8BD19DF65BE007938F0 /* PWActivityIndicator.m in Sources */ = {isa = PBXBuildFile; fileRef = BDE4D8BC19DF65BE007938F0 /* PWActivityIndicator.m */; };
		BDE4D8C819E355B4007938F0 /* ScanError.png in Resources */ = {isa = PBXBuildFile; fileRef = BDE4D8C719E355B4007938F0 /* ScanError.png */; };
		BDE9F18E19A7CDF100AA8DFB /* main.m in Sources */ = {isa = PBXBuildFile; fileRef = BDE9F18D19A7CDF100AA8DFB /* main.m */; };
		BDE9F19119A7CDF100AA8DFB /* AppDelegate.m in Sources */ = {isa = PBXBuildFile; fileRef = BDE9F19019A7CDF100AA8DFB /* AppDelegate.m */; };
		BDE9F19919A7CDF100AA8DFB /* Images.xcassets in Resources */ = {isa = PBXBuildFile; fileRef = BDE9F19819A7CDF100AA8DFB /* Images.xcassets */; };
		BDE9F1C319A7E46D00AA8DFB /* PWMetadataRequest.m in Sources */ = {isa = PBXBuildFile; fileRef = BDE9F1B119A7E46D00AA8DFB /* PWMetadataRequest.m */; };
		BDE9F1C719A7E46D00AA8DFB /* PWBeaconCell.m in Sources */ = {isa = PBXBuildFile; fileRef = BDE9F1B819A7E46D00AA8DFB /* PWBeaconCell.m */; };
		BDE9F1C819A7E46D00AA8DFB /* PWBeaconsViewController.m in Sources */ = {isa = PBXBuildFile; fileRef = BDE9F1BA19A7E46D00AA8DFB /* PWBeaconsViewController.m */; };
		BDE9F1C919A7E46D00AA8DFB /* PWGradientView.m in Sources */ = {isa = PBXBuildFile; fileRef = BDE9F1BC19A7E46D00AA8DFB /* PWGradientView.m */; };
		BDE9F1CC19A7E46D00AA8DFB /* PWSignalStrengthView.m in Sources */ = {isa = PBXBuildFile; fileRef = BDE9F1C219A7E46D00AA8DFB /* PWSignalStrengthView.m */; };
		BDE9F1DA19A7EAFC00AA8DFB /* PWBeaconManager.m in Sources */ = {isa = PBXBuildFile; fileRef = BDE9F1D919A7EAFC00AA8DFB /* PWBeaconManager.m */; };
		BDE9F1E019A7EF3F00AA8DFB /* PWBeacon.m in Sources */ = {isa = PBXBuildFile; fileRef = BDE9F1DF19A7EF3F00AA8DFB /* PWBeacon.m */; };
		BDE9F1E319A7FB4000AA8DFB /* PWURLShortener.m in Sources */ = {isa = PBXBuildFile; fileRef = BDE9F1E219A7FB4000AA8DFB /* PWURLShortener.m */; };
		BDE9F28019ABEF4D00AA8DFB /* CoreBluetooth.framework in Frameworks */ = {isa = PBXBuildFile; fileRef = BDE9F27F19ABEF4D00AA8DFB /* CoreBluetooth.framework */; };
		BDE9F29A19AD1D5000AA8DFB /* gear.png in Resources */ = {isa = PBXBuildFile; fileRef = BDE9F29819AD1D5000AA8DFB /* gear.png */; };
		BDE9F29B19AD1D5000AA8DFB /* gear@2x.png in Resources */ = {isa = PBXBuildFile; fileRef = BDE9F29919AD1D5000AA8DFB /* gear@2x.png */; };
		BDE9F2A019AD551500AA8DFB /* PWConfigureViewController.m in Sources */ = {isa = PBXBuildFile; fileRef = BDE9F29D19AD551500AA8DFB /* PWConfigureViewController.m */; };
		BDE9F2A119AD551500AA8DFB /* PWSettingsViewController.m in Sources */ = {isa = PBXBuildFile; fileRef = BDE9F29F19AD551500AA8DFB /* PWSettingsViewController.m */; };
		BDE9F2AE19AEA58200AA8DFB /* 37x-Checkmark.png in Resources */ = {isa = PBXBuildFile; fileRef = BDE9F2AC19AEA58200AA8DFB /* 37x-Checkmark.png */; };
		BDE9F2AF19AEA58200AA8DFB /* 37x-Checkmark@2x.png in Resources */ = {isa = PBXBuildFile; fileRef = BDE9F2AD19AEA58200AA8DFB /* 37x-Checkmark@2x.png */; };
		BDFC4DD019E60C1A00DC381C /* licenses.html in Resources */ = {isa = PBXBuildFile; fileRef = BDFC4DCF19E60C1A00DC381C /* licenses.html */; };
		BDFC4DD819E60C5200DC381C /* PWSimpleWebViewController.m in Sources */ = {isa = PBXBuildFile; fileRef = BDFC4DD719E60C5200DC381C /* PWSimpleWebViewController.m */; };
/* End PBXBuildFile section */

/* Begin PBXFileReference section */
		38BA681D1BA37C9500F7B2CD /* MBProgressHUD.h */ = {isa = PBXFileReference; fileEncoding = 4; lastKnownFileType = sourcecode.c.h; path = MBProgressHUD.h; sourceTree = "<group>"; };
		38BA681E1BA37C9500F7B2CD /* MBProgressHUD.m */ = {isa = PBXFileReference; fileEncoding = 4; lastKnownFileType = sourcecode.c.objc; path = MBProgressHUD.m; sourceTree = "<group>"; };
		38BA68201BA37C9500F7B2CD /* MKAnnotationView+WebCache.h */ = {isa = PBXFileReference; fileEncoding = 4; lastKnownFileType = sourcecode.c.h; path = "MKAnnotationView+WebCache.h"; sourceTree = "<group>"; };
		38BA68211BA37C9500F7B2CD /* MKAnnotationView+WebCache.m */ = {isa = PBXFileReference; fileEncoding = 4; lastKnownFileType = sourcecode.c.objc; path = "MKAnnotationView+WebCache.m"; sourceTree = "<group>"; };
		38BA68221BA37C9500F7B2CD /* NSData+ImageContentType.h */ = {isa = PBXFileReference; fileEncoding = 4; lastKnownFileType = sourcecode.c.h; path = "NSData+ImageContentType.h"; sourceTree = "<group>"; };
		38BA68231BA37C9500F7B2CD /* NSData+ImageContentType.m */ = {isa = PBXFileReference; fileEncoding = 4; lastKnownFileType = sourcecode.c.objc; path = "NSData+ImageContentType.m"; sourceTree = "<group>"; };
		38BA68241BA37C9500F7B2CD /* SDImageCache.h */ = {isa = PBXFileReference; fileEncoding = 4; lastKnownFileType = sourcecode.c.h; path = SDImageCache.h; sourceTree = "<group>"; };
		38BA68251BA37C9500F7B2CD /* SDImageCache.m */ = {isa = PBXFileReference; fileEncoding = 4; lastKnownFileType = sourcecode.c.objc; path = SDImageCache.m; sourceTree = "<group>"; };
		38BA68261BA37C9500F7B2CD /* SDWebImageCompat.h */ = {isa = PBXFileReference; fileEncoding = 4; lastKnownFileType = sourcecode.c.h; path = SDWebImageCompat.h; sourceTree = "<group>"; };
		38BA68271BA37C9500F7B2CD /* SDWebImageCompat.m */ = {isa = PBXFileReference; fileEncoding = 4; lastKnownFileType = sourcecode.c.objc; path = SDWebImageCompat.m; sourceTree = "<group>"; };
		38BA68281BA37C9500F7B2CD /* SDWebImageDecoder.h */ = {isa = PBXFileReference; fileEncoding = 4; lastKnownFileType = sourcecode.c.h; path = SDWebImageDecoder.h; sourceTree = "<group>"; };
		38BA68291BA37C9500F7B2CD /* SDWebImageDecoder.m */ = {isa = PBXFileReference; fileEncoding = 4; lastKnownFileType = sourcecode.c.objc; path = SDWebImageDecoder.m; sourceTree = "<group>"; };
		38BA682A1BA37C9500F7B2CD /* SDWebImageDownloader.h */ = {isa = PBXFileReference; fileEncoding = 4; lastKnownFileType = sourcecode.c.h; path = SDWebImageDownloader.h; sourceTree = "<group>"; };
		38BA682B1BA37C9500F7B2CD /* SDWebImageDownloader.m */ = {isa = PBXFileReference; fileEncoding = 4; lastKnownFileType = sourcecode.c.objc; path = SDWebImageDownloader.m; sourceTree = "<group>"; };
		38BA682C1BA37C9500F7B2CD /* SDWebImageDownloaderOperation.h */ = {isa = PBXFileReference; fileEncoding = 4; lastKnownFileType = sourcecode.c.h; path = SDWebImageDownloaderOperation.h; sourceTree = "<group>"; };
		38BA682D1BA37C9500F7B2CD /* SDWebImageDownloaderOperation.m */ = {isa = PBXFileReference; fileEncoding = 4; lastKnownFileType = sourcecode.c.objc; path = SDWebImageDownloaderOperation.m; sourceTree = "<group>"; };
		38BA682E1BA37C9500F7B2CD /* SDWebImageManager.h */ = {isa = PBXFileReference; fileEncoding = 4; lastKnownFileType = sourcecode.c.h; path = SDWebImageManager.h; sourceTree = "<group>"; };
		38BA682F1BA37C9500F7B2CD /* SDWebImageManager.m */ = {isa = PBXFileReference; fileEncoding = 4; lastKnownFileType = sourcecode.c.objc; path = SDWebImageManager.m; sourceTree = "<group>"; };
		38BA68301BA37C9500F7B2CD /* SDWebImageOperation.h */ = {isa = PBXFileReference; fileEncoding = 4; lastKnownFileType = sourcecode.c.h; path = SDWebImageOperation.h; sourceTree = "<group>"; };
		38BA68311BA37C9500F7B2CD /* SDWebImagePrefetcher.h */ = {isa = PBXFileReference; fileEncoding = 4; lastKnownFileType = sourcecode.c.h; path = SDWebImagePrefetcher.h; sourceTree = "<group>"; };
		38BA68321BA37C9500F7B2CD /* SDWebImagePrefetcher.m */ = {isa = PBXFileReference; fileEncoding = 4; lastKnownFileType = sourcecode.c.objc; path = SDWebImagePrefetcher.m; sourceTree = "<group>"; };
		38BA68331BA37C9500F7B2CD /* UIButton+WebCache.h */ = {isa = PBXFileReference; fileEncoding = 4; lastKnownFileType = sourcecode.c.h; path = "UIButton+WebCache.h"; sourceTree = "<group>"; };
		38BA68341BA37C9500F7B2CD /* UIButton+WebCache.m */ = {isa = PBXFileReference; fileEncoding = 4; lastKnownFileType = sourcecode.c.objc; path = "UIButton+WebCache.m"; sourceTree = "<group>"; };
		38BA68351BA37C9500F7B2CD /* UIImage+GIF.h */ = {isa = PBXFileReference; fileEncoding = 4; lastKnownFileType = sourcecode.c.h; path = "UIImage+GIF.h"; sourceTree = "<group>"; };
		38BA68361BA37C9500F7B2CD /* UIImage+GIF.m */ = {isa = PBXFileReference; fileEncoding = 4; lastKnownFileType = sourcecode.c.objc; path = "UIImage+GIF.m"; sourceTree = "<group>"; };
		38BA68371BA37C9500F7B2CD /* UIImage+MultiFormat.h */ = {isa = PBXFileReference; fileEncoding = 4; lastKnownFileType = sourcecode.c.h; path = "UIImage+MultiFormat.h"; sourceTree = "<group>"; };
		38BA68381BA37C9500F7B2CD /* UIImage+MultiFormat.m */ = {isa = PBXFileReference; fileEncoding = 4; lastKnownFileType = sourcecode.c.objc; path = "UIImage+MultiFormat.m"; sourceTree = "<group>"; };
		38BA68391BA37C9500F7B2CD /* UIImage+WebP.h */ = {isa = PBXFileReference; fileEncoding = 4; lastKnownFileType = sourcecode.c.h; path = "UIImage+WebP.h"; sourceTree = "<group>"; };
		38BA683A1BA37C9500F7B2CD /* UIImage+WebP.m */ = {isa = PBXFileReference; fileEncoding = 4; lastKnownFileType = sourcecode.c.objc; path = "UIImage+WebP.m"; sourceTree = "<group>"; };
		38BA683B1BA37C9500F7B2CD /* UIImageView+HighlightedWebCache.h */ = {isa = PBXFileReference; fileEncoding = 4; lastKnownFileType = sourcecode.c.h; path = "UIImageView+HighlightedWebCache.h"; sourceTree = "<group>"; };
		38BA683C1BA37C9500F7B2CD /* UIImageView+HighlightedWebCache.m */ = {isa = PBXFileReference; fileEncoding = 4; lastKnownFileType = sourcecode.c.objc; path = "UIImageView+HighlightedWebCache.m"; sourceTree = "<group>"; };
		38BA683D1BA37C9500F7B2CD /* UIImageView+WebCache.h */ = {isa = PBXFileReference; fileEncoding = 4; lastKnownFileType = sourcecode.c.h; path = "UIImageView+WebCache.h"; sourceTree = "<group>"; };
		38BA683E1BA37C9500F7B2CD /* UIImageView+WebCache.m */ = {isa = PBXFileReference; fileEncoding = 4; lastKnownFileType = sourcecode.c.objc; path = "UIImageView+WebCache.m"; sourceTree = "<group>"; };
		38BA683F1BA37C9500F7B2CD /* UIView+WebCacheOperation.h */ = {isa = PBXFileReference; fileEncoding = 4; lastKnownFileType = sourcecode.c.h; path = "UIView+WebCacheOperation.h"; sourceTree = "<group>"; };
		38BA68401BA37C9500F7B2CD /* UIView+WebCacheOperation.m */ = {isa = PBXFileReference; fileEncoding = 4; lastKnownFileType = sourcecode.c.objc; path = "UIView+WebCacheOperation.m"; sourceTree = "<group>"; };
		38BA68421BA37C9500F7B2CD /* SVPullToRefresh.h */ = {isa = PBXFileReference; fileEncoding = 4; lastKnownFileType = sourcecode.c.h; path = SVPullToRefresh.h; sourceTree = "<group>"; };
		38BA68431BA37C9500F7B2CD /* UIScrollView+SVInfiniteScrolling.h */ = {isa = PBXFileReference; fileEncoding = 4; lastKnownFileType = sourcecode.c.h; path = "UIScrollView+SVInfiniteScrolling.h"; sourceTree = "<group>"; };
		38BA68441BA37C9500F7B2CD /* UIScrollView+SVInfiniteScrolling.m */ = {isa = PBXFileReference; fileEncoding = 4; lastKnownFileType = sourcecode.c.objc; path = "UIScrollView+SVInfiniteScrolling.m"; sourceTree = "<group>"; };
		38BA68451BA37C9500F7B2CD /* UIScrollView+SVPullToRefresh.h */ = {isa = PBXFileReference; fileEncoding = 4; lastKnownFileType = sourcecode.c.h; path = "UIScrollView+SVPullToRefresh.h"; sourceTree = "<group>"; };
		38BA68461BA37C9500F7B2CD /* UIScrollView+SVPullToRefresh.m */ = {isa = PBXFileReference; fileEncoding = 4; lastKnownFileType = sourcecode.c.objc; path = "UIScrollView+SVPullToRefresh.m"; sourceTree = "<group>"; };
		38BA68481BA37C9500F7B2CD /* NSString+UB.h */ = {isa = PBXFileReference; fileEncoding = 4; lastKnownFileType = sourcecode.c.h; path = "NSString+UB.h"; sourceTree = "<group>"; };
		38BA68491BA37C9500F7B2CD /* NSString+UB.m */ = {isa = PBXFileReference; fileEncoding = 4; lastKnownFileType = sourcecode.c.objc; path = "NSString+UB.m"; sourceTree = "<group>"; };
		38BA684A1BA37C9500F7B2CD /* NSURL+UB.h */ = {isa = PBXFileReference; fileEncoding = 4; lastKnownFileType = sourcecode.c.h; path = "NSURL+UB.h"; sourceTree = "<group>"; };
		38BA684B1BA37C9500F7B2CD /* NSURL+UB.m */ = {isa = PBXFileReference; fileEncoding = 4; lastKnownFileType = sourcecode.c.objc; path = "NSURL+UB.m"; sourceTree = "<group>"; };
		38BA684C1BA37C9500F7B2CD /* UBConfigurableUriBeacon.h */ = {isa = PBXFileReference; fileEncoding = 4; lastKnownFileType = sourcecode.c.h; path = UBConfigurableUriBeacon.h; sourceTree = "<group>"; };
		38BA684D1BA37C9500F7B2CD /* UBConfigurableUriBeacon.m */ = {isa = PBXFileReference; fileEncoding = 4; lastKnownFileType = sourcecode.c.objc; path = UBConfigurableUriBeacon.m; sourceTree = "<group>"; };
		38BA684E1BA37C9500F7B2CD /* UBConfigurableURIBeaconPrivate.h */ = {isa = PBXFileReference; fileEncoding = 4; lastKnownFileType = sourcecode.c.h; path = UBConfigurableURIBeaconPrivate.h; sourceTree = "<group>"; };
		38BA684F1BA37C9500F7B2CD /* UBUriBeacon.h */ = {isa = PBXFileReference; fileEncoding = 4; lastKnownFileType = sourcecode.c.h; path = UBUriBeacon.h; sourceTree = "<group>"; };
		38BA68501BA37C9500F7B2CD /* UBUriBeacon.m */ = {isa = PBXFileReference; fileEncoding = 4; lastKnownFileType = sourcecode.c.objc; path = UBUriBeacon.m; sourceTree = "<group>"; };
		38BA68511BA37C9500F7B2CD /* UBUriBeaconPrivate.h */ = {isa = PBXFileReference; fileEncoding = 4; lastKnownFileType = sourcecode.c.h; path = UBUriBeaconPrivate.h; sourceTree = "<group>"; };
		38BA68521BA37C9500F7B2CD /* UBUriBeaconReader.h */ = {isa = PBXFileReference; fileEncoding = 4; lastKnownFileType = sourcecode.c.h; path = UBUriBeaconReader.h; sourceTree = "<group>"; };
		38BA68531BA37C9500F7B2CD /* UBUriBeaconReader.m */ = {isa = PBXFileReference; fileEncoding = 4; lastKnownFileType = sourcecode.c.objc; path = UBUriBeaconReader.m; sourceTree = "<group>"; };
		38BA68541BA37C9500F7B2CD /* UBUriBeaconScanner.h */ = {isa = PBXFileReference; fileEncoding = 4; lastKnownFileType = sourcecode.c.h; path = UBUriBeaconScanner.h; sourceTree = "<group>"; };
		38BA68551BA37C9500F7B2CD /* UBUriBeaconScanner.m */ = {isa = PBXFileReference; fileEncoding = 4; lastKnownFileType = sourcecode.c.objc; path = UBUriBeaconScanner.m; sourceTree = "<group>"; };
		38BA68561BA37C9500F7B2CD /* UBUriBeaconScannerPrivate.h */ = {isa = PBXFileReference; fileEncoding = 4; lastKnownFileType = sourcecode.c.h; path = UBUriBeaconScannerPrivate.h; sourceTree = "<group>"; };
		38BA68571BA37C9500F7B2CD /* UBUriBeaconWriter.h */ = {isa = PBXFileReference; fileEncoding = 4; lastKnownFileType = sourcecode.c.h; path = UBUriBeaconWriter.h; sourceTree = "<group>"; };
		38BA68581BA37C9500F7B2CD /* UBUriBeaconWriter.m */ = {isa = PBXFileReference; fileEncoding = 4; lastKnownFileType = sourcecode.c.objc; path = UBUriBeaconWriter.m; sourceTree = "<group>"; };
		38BA68591BA37C9500F7B2CD /* UBUriReader.h */ = {isa = PBXFileReference; fileEncoding = 4; lastKnownFileType = sourcecode.c.h; path = UBUriReader.h; sourceTree = "<group>"; };
		38BA685A1BA37C9500F7B2CD /* UBUriReader.m */ = {isa = PBXFileReference; fileEncoding = 4; lastKnownFileType = sourcecode.c.objc; path = UBUriReader.m; sourceTree = "<group>"; };
		38BA685B1BA37C9500F7B2CD /* UBUriWriter.h */ = {isa = PBXFileReference; fileEncoding = 4; lastKnownFileType = sourcecode.c.h; path = UBUriWriter.h; sourceTree = "<group>"; };
		38BA685C1BA37C9500F7B2CD /* UBUriWriter.m */ = {isa = PBXFileReference; fileEncoding = 4; lastKnownFileType = sourcecode.c.objc; path = UBUriWriter.m; sourceTree = "<group>"; };
		38BA685D1BA37C9500F7B2CD /* UriBeacon.h */ = {isa = PBXFileReference; fileEncoding = 4; lastKnownFileType = sourcecode.c.h; path = UriBeacon.h; sourceTree = "<group>"; };
		BD3E51B71B4C4ED000F3ECBF /* PWBeaconChartTableViewCell.h */ = {isa = PBXFileReference; fileEncoding = 4; lastKnownFileType = sourcecode.c.h; path = PWBeaconChartTableViewCell.h; sourceTree = "<group>"; };
		BD3E51B81B4C4ED000F3ECBF /* PWBeaconChartTableViewCell.m */ = {isa = PBXFileReference; fileEncoding = 4; lastKnownFileType = sourcecode.c.objc; path = PWBeaconChartTableViewCell.m; sourceTree = "<group>"; };
		BDA3FA8819EF2DD700CFAA74 /* NotificationCenter.framework */ = {isa = PBXFileReference; lastKnownFileType = wrapper.framework; name = NotificationCenter.framework; path = System/Library/Frameworks/NotificationCenter.framework; sourceTree = SDKROOT; };
		BDA3FA8C19EF2DD700CFAA74 /* Info.plist */ = {isa = PBXFileReference; lastKnownFileType = text.plist.xml; path = Info.plist; sourceTree = "<group>"; };
		BDA3FA8D19EF2DD700CFAA74 /* TodayViewController.h */ = {isa = PBXFileReference; lastKnownFileType = sourcecode.c.h; path = TodayViewController.h; sourceTree = "<group>"; };
		BDA3FA8E19EF2DD700CFAA74 /* TodayViewController.m */ = {isa = PBXFileReference; lastKnownFileType = sourcecode.c.objc; path = TodayViewController.m; sourceTree = "<group>"; };
		BDC5A9AA1B3B3A90008D9A0B /* PWChartViewController.h */ = {isa = PBXFileReference; fileEncoding = 4; lastKnownFileType = sourcecode.c.h; path = PWChartViewController.h; sourceTree = "<group>"; };
		BDC5A9AB1B3B3A90008D9A0B /* PWChartViewController.m */ = {isa = PBXFileReference; fileEncoding = 4; lastKnownFileType = sourcecode.c.objc; path = PWChartViewController.m; sourceTree = "<group>"; };
		BDDC71041B4B20C20000581C /* JBChartView.h */ = {isa = PBXFileReference; fileEncoding = 4; lastKnownFileType = sourcecode.c.h; name = JBChartView.h; path = "third-party/JBChartView/JBChartView.h"; sourceTree = "<group>"; };
		BDDC71051B4B20C20000581C /* JBChartView.m */ = {isa = PBXFileReference; fileEncoding = 4; lastKnownFileType = sourcecode.c.objc; name = JBChartView.m; path = "third-party/JBChartView/JBChartView.m"; sourceTree = "<group>"; };
		BDDC71061B4B20C20000581C /* JBLineChartView.h */ = {isa = PBXFileReference; fileEncoding = 4; lastKnownFileType = sourcecode.c.h; name = JBLineChartView.h; path = "third-party/JBChartView/JBLineChartView.h"; sourceTree = "<group>"; };
		BDDC71071B4B20C20000581C /* JBLineChartView.m */ = {isa = PBXFileReference; fileEncoding = 4; lastKnownFileType = sourcecode.c.objc; name = JBLineChartView.m; path = "third-party/JBChartView/JBLineChartView.m"; sourceTree = "<group>"; };
		BDDFE6ED1A0069B700A76255 /* PhyWeb.entitlements */ = {isa = PBXFileReference; lastKnownFileType = text.xml; path = PhyWeb.entitlements; sourceTree = "<group>"; };
		BDDFE6EE1A0069F000A76255 /* today.entitlements */ = {isa = PBXFileReference; lastKnownFileType = text.xml; path = today.entitlements; sourceTree = "<group>"; };
		BDE4D88519DDF678007938F0 /* icon-29.png */ = {isa = PBXFileReference; lastKnownFileType = image.png; path = "icon-29.png"; sourceTree = "<group>"; };
		BDE4D88619DDF678007938F0 /* icon-40.png */ = {isa = PBXFileReference; lastKnownFileType = image.png; path = "icon-40.png"; sourceTree = "<group>"; };
		BDE4D88719DDF678007938F0 /* icon-50.png */ = {isa = PBXFileReference; lastKnownFileType = image.png; path = "icon-50.png"; sourceTree = "<group>"; };
		BDE4D88819DDF678007938F0 /* icon-57.png */ = {isa = PBXFileReference; lastKnownFileType = image.png; path = "icon-57.png"; sourceTree = "<group>"; };
		BDE4D88919DDF678007938F0 /* icon-58.png */ = {isa = PBXFileReference; lastKnownFileType = image.png; path = "icon-58.png"; sourceTree = "<group>"; };
		BDE4D88A19DDF678007938F0 /* icon-72.png */ = {isa = PBXFileReference; lastKnownFileType = image.png; path = "icon-72.png"; sourceTree = "<group>"; };
		BDE4D88B19DDF678007938F0 /* icon-76.png */ = {isa = PBXFileReference; lastKnownFileType = image.png; path = "icon-76.png"; sourceTree = "<group>"; };
		BDE4D88C19DDF678007938F0 /* icon-80.png */ = {isa = PBXFileReference; lastKnownFileType = image.png; path = "icon-80.png"; sourceTree = "<group>"; };
		BDE4D88D19DDF678007938F0 /* icon-87.png */ = {isa = PBXFileReference; lastKnownFileType = image.png; path = "icon-87.png"; sourceTree = "<group>"; };
		BDE4D88E19DDF678007938F0 /* icon-100.png */ = {isa = PBXFileReference; lastKnownFileType = image.png; path = "icon-100.png"; sourceTree = "<group>"; };
		BDE4D88F19DDF678007938F0 /* icon-114.png */ = {isa = PBXFileReference; lastKnownFileType = image.png; path = "icon-114.png"; sourceTree = "<group>"; };
		BDE4D89019DDF678007938F0 /* icon-120.png */ = {isa = PBXFileReference; lastKnownFileType = image.png; path = "icon-120.png"; sourceTree = "<group>"; };
		BDE4D89119DDF678007938F0 /* icon-144.png */ = {isa = PBXFileReference; lastKnownFileType = image.png; path = "icon-144.png"; sourceTree = "<group>"; };
		BDE4D89219DDF678007938F0 /* icon-152.png */ = {isa = PBXFileReference; lastKnownFileType = image.png; path = "icon-152.png"; sourceTree = "<group>"; };
		BDE4D89319DDF678007938F0 /* icon-180.png */ = {isa = PBXFileReference; lastKnownFileType = image.png; path = "icon-180.png"; sourceTree = "<group>"; };
		BDE4D89419DDF678007938F0 /* icon-512.png */ = {isa = PBXFileReference; lastKnownFileType = image.png; path = "icon-512.png"; sourceTree = "<group>"; };
		BDE4D8A519DE0242007938F0 /* LaunchScreen.xib */ = {isa = PBXFileReference; fileEncoding = 4; lastKnownFileType = file.xib; path = LaunchScreen.xib; sourceTree = "<group>"; };
		BDE4D8A719DE03F1007938F0 /* LaunchIcon.png */ = {isa = PBXFileReference; lastKnownFileType = image.png; path = LaunchIcon.png; sourceTree = "<group>"; };
		BDE4D8B219DE154B007938F0 /* PWPlaceholderView.h */ = {isa = PBXFileReference; fileEncoding = 4; lastKnownFileType = sourcecode.c.h; path = PWPlaceholderView.h; sourceTree = "<group>"; };
		BDE4D8B319DE154B007938F0 /* PWPlaceholderView.m */ = {isa = PBXFileReference; fileEncoding = 4; lastKnownFileType = sourcecode.c.objc; path = PWPlaceholderView.m; sourceTree = "<group>"; };
		BDE4D8B519DF65A4007938F0 /* Progress1.png */ = {isa = PBXFileReference; lastKnownFileType = image.png; path = Progress1.png; sourceTree = "<group>"; };
		BDE4D8B619DF65A4007938F0 /* Progress2.png */ = {isa = PBXFileReference; lastKnownFileType = image.png; path = Progress2.png; sourceTree = "<group>"; };
		BDE4D8B719DF65A4007938F0 /* Progress3.png */ = {isa = PBXFileReference; lastKnownFileType = image.png; path = Progress3.png; sourceTree = "<group>"; };
		BDE4D8BB19DF65BE007938F0 /* PWActivityIndicator.h */ = {isa = PBXFileReference; fileEncoding = 4; lastKnownFileType = sourcecode.c.h; path = PWActivityIndicator.h; sourceTree = "<group>"; };
		BDE4D8BC19DF65BE007938F0 /* PWActivityIndicator.m */ = {isa = PBXFileReference; fileEncoding = 4; lastKnownFileType = sourcecode.c.objc; path = PWActivityIndicator.m; sourceTree = "<group>"; };
		BDE4D8C719E355B4007938F0 /* ScanError.png */ = {isa = PBXFileReference; lastKnownFileType = image.png; path = ScanError.png; sourceTree = "<group>"; };
		BDE9F18819A7CDF100AA8DFB /* PhyWeb.app */ = {isa = PBXFileReference; explicitFileType = wrapper.application; includeInIndex = 0; path = PhyWeb.app; sourceTree = BUILT_PRODUCTS_DIR; };
		BDE9F18C19A7CDF100AA8DFB /* Info.plist */ = {isa = PBXFileReference; lastKnownFileType = text.plist.xml; path = Info.plist; sourceTree = "<group>"; };
		BDE9F18D19A7CDF100AA8DFB /* main.m */ = {isa = PBXFileReference; lastKnownFileType = sourcecode.c.objc; path = main.m; sourceTree = "<group>"; };
		BDE9F18F19A7CDF100AA8DFB /* AppDelegate.h */ = {isa = PBXFileReference; lastKnownFileType = sourcecode.c.h; path = AppDelegate.h; sourceTree = "<group>"; };
		BDE9F19019A7CDF100AA8DFB /* AppDelegate.m */ = {isa = PBXFileReference; lastKnownFileType = sourcecode.c.objc; path = AppDelegate.m; sourceTree = "<group>"; };
		BDE9F19819A7CDF100AA8DFB /* Images.xcassets */ = {isa = PBXFileReference; lastKnownFileType = folder.assetcatalog; path = Images.xcassets; sourceTree = "<group>"; };
		BDE9F1B019A7E46D00AA8DFB /* PWMetadataRequest.h */ = {isa = PBXFileReference; fileEncoding = 4; lastKnownFileType = sourcecode.c.h; path = PWMetadataRequest.h; sourceTree = "<group>"; };
		BDE9F1B119A7E46D00AA8DFB /* PWMetadataRequest.m */ = {isa = PBXFileReference; fileEncoding = 4; lastKnownFileType = sourcecode.c.objc; path = PWMetadataRequest.m; sourceTree = "<group>"; };
		BDE9F1B719A7E46D00AA8DFB /* PWBeaconCell.h */ = {isa = PBXFileReference; fileEncoding = 4; lastKnownFileType = sourcecode.c.h; path = PWBeaconCell.h; sourceTree = "<group>"; };
		BDE9F1B819A7E46D00AA8DFB /* PWBeaconCell.m */ = {isa = PBXFileReference; fileEncoding = 4; lastKnownFileType = sourcecode.c.objc; path = PWBeaconCell.m; sourceTree = "<group>"; };
		BDE9F1B919A7E46D00AA8DFB /* PWBeaconsViewController.h */ = {isa = PBXFileReference; fileEncoding = 4; lastKnownFileType = sourcecode.c.h; path = PWBeaconsViewController.h; sourceTree = "<group>"; };
		BDE9F1BA19A7E46D00AA8DFB /* PWBeaconsViewController.m */ = {isa = PBXFileReference; fileEncoding = 4; lastKnownFileType = sourcecode.c.objc; path = PWBeaconsViewController.m; sourceTree = "<group>"; };
		BDE9F1BB19A7E46D00AA8DFB /* PWGradientView.h */ = {isa = PBXFileReference; fileEncoding = 4; lastKnownFileType = sourcecode.c.h; path = PWGradientView.h; sourceTree = "<group>"; };
		BDE9F1BC19A7E46D00AA8DFB /* PWGradientView.m */ = {isa = PBXFileReference; fileEncoding = 4; lastKnownFileType = sourcecode.c.objc; path = PWGradientView.m; sourceTree = "<group>"; };
		BDE9F1C119A7E46D00AA8DFB /* PWSignalStrengthView.h */ = {isa = PBXFileReference; fileEncoding = 4; lastKnownFileType = sourcecode.c.h; path = PWSignalStrengthView.h; sourceTree = "<group>"; };
		BDE9F1C219A7E46D00AA8DFB /* PWSignalStrengthView.m */ = {isa = PBXFileReference; fileEncoding = 4; lastKnownFileType = sourcecode.c.objc; path = PWSignalStrengthView.m; sourceTree = "<group>"; };
		BDE9F1D819A7EAFC00AA8DFB /* PWBeaconManager.h */ = {isa = PBXFileReference; fileEncoding = 4; lastKnownFileType = sourcecode.c.h; path = PWBeaconManager.h; sourceTree = "<group>"; };
		BDE9F1D919A7EAFC00AA8DFB /* PWBeaconManager.m */ = {isa = PBXFileReference; fileEncoding = 4; lastKnownFileType = sourcecode.c.objc; path = PWBeaconManager.m; sourceTree = "<group>"; };
		BDE9F1DE19A7EF3F00AA8DFB /* PWBeacon.h */ = {isa = PBXFileReference; fileEncoding = 4; lastKnownFileType = sourcecode.c.h; path = PWBeacon.h; sourceTree = "<group>"; };
		BDE9F1DF19A7EF3F00AA8DFB /* PWBeacon.m */ = {isa = PBXFileReference; fileEncoding = 4; lastKnownFileType = sourcecode.c.objc; path = PWBeacon.m; sourceTree = "<group>"; };
		BDE9F1E119A7FB4000AA8DFB /* PWURLShortener.h */ = {isa = PBXFileReference; fileEncoding = 4; lastKnownFileType = sourcecode.c.h; path = PWURLShortener.h; sourceTree = "<group>"; };
		BDE9F1E219A7FB4000AA8DFB /* PWURLShortener.m */ = {isa = PBXFileReference; fileEncoding = 4; lastKnownFileType = sourcecode.c.objc; path = PWURLShortener.m; sourceTree = "<group>"; };
		BDE9F27F19ABEF4D00AA8DFB /* CoreBluetooth.framework */ = {isa = PBXFileReference; lastKnownFileType = wrapper.framework; name = CoreBluetooth.framework; path = System/Library/Frameworks/CoreBluetooth.framework; sourceTree = SDKROOT; };
		BDE9F28119ABEF5300AA8DFB /* CoreImage.framework */ = {isa = PBXFileReference; lastKnownFileType = wrapper.framework; name = CoreImage.framework; path = System/Library/Frameworks/CoreImage.framework; sourceTree = SDKROOT; };
		BDE9F28319ABEFB400AA8DFB /* CoreGraphics.framework */ = {isa = PBXFileReference; lastKnownFileType = wrapper.framework; name = CoreGraphics.framework; path = System/Library/Frameworks/CoreGraphics.framework; sourceTree = SDKROOT; };
		BDE9F28519ABF02700AA8DFB /* ImageIO.framework */ = {isa = PBXFileReference; lastKnownFileType = wrapper.framework; name = ImageIO.framework; path = System/Library/Frameworks/ImageIO.framework; sourceTree = SDKROOT; };
		BDE9F29819AD1D5000AA8DFB /* gear.png */ = {isa = PBXFileReference; lastKnownFileType = image.png; path = gear.png; sourceTree = "<group>"; };
		BDE9F29919AD1D5000AA8DFB /* gear@2x.png */ = {isa = PBXFileReference; lastKnownFileType = image.png; path = "gear@2x.png"; sourceTree = "<group>"; };
		BDE9F29C19AD551500AA8DFB /* PWConfigureViewController.h */ = {isa = PBXFileReference; fileEncoding = 4; lastKnownFileType = sourcecode.c.h; path = PWConfigureViewController.h; sourceTree = "<group>"; };
		BDE9F29D19AD551500AA8DFB /* PWConfigureViewController.m */ = {isa = PBXFileReference; fileEncoding = 4; lastKnownFileType = sourcecode.c.objc; path = PWConfigureViewController.m; sourceTree = "<group>"; };
		BDE9F29E19AD551500AA8DFB /* PWSettingsViewController.h */ = {isa = PBXFileReference; fileEncoding = 4; lastKnownFileType = sourcecode.c.h; path = PWSettingsViewController.h; sourceTree = "<group>"; };
		BDE9F29F19AD551500AA8DFB /* PWSettingsViewController.m */ = {isa = PBXFileReference; fileEncoding = 4; lastKnownFileType = sourcecode.c.objc; path = PWSettingsViewController.m; sourceTree = "<group>"; };
		BDE9F2AC19AEA58200AA8DFB /* 37x-Checkmark.png */ = {isa = PBXFileReference; lastKnownFileType = image.png; path = "37x-Checkmark.png"; sourceTree = "<group>"; };
		BDE9F2AD19AEA58200AA8DFB /* 37x-Checkmark@2x.png */ = {isa = PBXFileReference; lastKnownFileType = image.png; path = "37x-Checkmark@2x.png"; sourceTree = "<group>"; };
		BDFC4DCF19E60C1A00DC381C /* licenses.html */ = {isa = PBXFileReference; fileEncoding = 4; lastKnownFileType = text.html; path = licenses.html; sourceTree = "<group>"; };
		BDFC4DD619E60C5200DC381C /* PWSimpleWebViewController.h */ = {isa = PBXFileReference; fileEncoding = 4; lastKnownFileType = sourcecode.c.h; path = PWSimpleWebViewController.h; sourceTree = "<group>"; };
		BDFC4DD719E60C5200DC381C /* PWSimpleWebViewController.m */ = {isa = PBXFileReference; fileEncoding = 4; lastKnownFileType = sourcecode.c.objc; path = PWSimpleWebViewController.m; sourceTree = "<group>"; };
/* End PBXFileReference section */

/* Begin PBXFrameworksBuildPhase section */
		BDE9F18519A7CDF100AA8DFB /* Frameworks */ = {
			isa = PBXFrameworksBuildPhase;
			buildActionMask = 2147483647;
			files = (
				BDE9F28019ABEF4D00AA8DFB /* CoreBluetooth.framework in Frameworks */,
			);
			runOnlyForDeploymentPostprocessing = 0;
		};
/* End PBXFrameworksBuildPhase section */

/* Begin PBXGroup section */
		38BA681C1BA37C9500F7B2CD /* MBProgressHUD */ = {
			isa = PBXGroup;
			children = (
				38BA681D1BA37C9500F7B2CD /* MBProgressHUD.h */,
				38BA681E1BA37C9500F7B2CD /* MBProgressHUD.m */,
			);
			name = MBProgressHUD;
			path = "third-party/MBProgressHUD";
			sourceTree = "<group>";
		};
		38BA681F1BA37C9500F7B2CD /* SDWebImage */ = {
			isa = PBXGroup;
			children = (
				38BA68201BA37C9500F7B2CD /* MKAnnotationView+WebCache.h */,
				38BA68211BA37C9500F7B2CD /* MKAnnotationView+WebCache.m */,
				38BA68221BA37C9500F7B2CD /* NSData+ImageContentType.h */,
				38BA68231BA37C9500F7B2CD /* NSData+ImageContentType.m */,
				38BA68241BA37C9500F7B2CD /* SDImageCache.h */,
				38BA68251BA37C9500F7B2CD /* SDImageCache.m */,
				38BA68261BA37C9500F7B2CD /* SDWebImageCompat.h */,
				38BA68271BA37C9500F7B2CD /* SDWebImageCompat.m */,
				38BA68281BA37C9500F7B2CD /* SDWebImageDecoder.h */,
				38BA68291BA37C9500F7B2CD /* SDWebImageDecoder.m */,
				38BA682A1BA37C9500F7B2CD /* SDWebImageDownloader.h */,
				38BA682B1BA37C9500F7B2CD /* SDWebImageDownloader.m */,
				38BA682C1BA37C9500F7B2CD /* SDWebImageDownloaderOperation.h */,
				38BA682D1BA37C9500F7B2CD /* SDWebImageDownloaderOperation.m */,
				38BA682E1BA37C9500F7B2CD /* SDWebImageManager.h */,
				38BA682F1BA37C9500F7B2CD /* SDWebImageManager.m */,
				38BA68301BA37C9500F7B2CD /* SDWebImageOperation.h */,
				38BA68311BA37C9500F7B2CD /* SDWebImagePrefetcher.h */,
				38BA68321BA37C9500F7B2CD /* SDWebImagePrefetcher.m */,
				38BA68331BA37C9500F7B2CD /* UIButton+WebCache.h */,
				38BA68341BA37C9500F7B2CD /* UIButton+WebCache.m */,
				38BA68351BA37C9500F7B2CD /* UIImage+GIF.h */,
				38BA68361BA37C9500F7B2CD /* UIImage+GIF.m */,
				38BA68371BA37C9500F7B2CD /* UIImage+MultiFormat.h */,
				38BA68381BA37C9500F7B2CD /* UIImage+MultiFormat.m */,
				38BA68391BA37C9500F7B2CD /* UIImage+WebP.h */,
				38BA683A1BA37C9500F7B2CD /* UIImage+WebP.m */,
				38BA683B1BA37C9500F7B2CD /* UIImageView+HighlightedWebCache.h */,
				38BA683C1BA37C9500F7B2CD /* UIImageView+HighlightedWebCache.m */,
				38BA683D1BA37C9500F7B2CD /* UIImageView+WebCache.h */,
				38BA683E1BA37C9500F7B2CD /* UIImageView+WebCache.m */,
				38BA683F1BA37C9500F7B2CD /* UIView+WebCacheOperation.h */,
				38BA68401BA37C9500F7B2CD /* UIView+WebCacheOperation.m */,
			);
			name = SDWebImage;
			path = "third-party/SDWebImage";
			sourceTree = "<group>";
		};
		38BA68411BA37C9500F7B2CD /* SVPullToRefresh */ = {
			isa = PBXGroup;
			children = (
				38BA68421BA37C9500F7B2CD /* SVPullToRefresh.h */,
				38BA68431BA37C9500F7B2CD /* UIScrollView+SVInfiniteScrolling.h */,
				38BA68441BA37C9500F7B2CD /* UIScrollView+SVInfiniteScrolling.m */,
				38BA68451BA37C9500F7B2CD /* UIScrollView+SVPullToRefresh.h */,
				38BA68461BA37C9500F7B2CD /* UIScrollView+SVPullToRefresh.m */,
			);
			name = SVPullToRefresh;
			path = "third-party/SVPullToRefresh";
			sourceTree = "<group>";
		};
		38BA68471BA37C9500F7B2CD /* uribeacon */ = {
			isa = PBXGroup;
			children = (
				38BA68481BA37C9500F7B2CD /* NSString+UB.h */,
				38BA68491BA37C9500F7B2CD /* NSString+UB.m */,
				38BA684A1BA37C9500F7B2CD /* NSURL+UB.h */,
				38BA684B1BA37C9500F7B2CD /* NSURL+UB.m */,
				38BA684C1BA37C9500F7B2CD /* UBConfigurableUriBeacon.h */,
				38BA684D1BA37C9500F7B2CD /* UBConfigurableUriBeacon.m */,
				38BA684E1BA37C9500F7B2CD /* UBConfigurableURIBeaconPrivate.h */,
				38BA684F1BA37C9500F7B2CD /* UBUriBeacon.h */,
				38BA68501BA37C9500F7B2CD /* UBUriBeacon.m */,
				38BA68511BA37C9500F7B2CD /* UBUriBeaconPrivate.h */,
				38BA68521BA37C9500F7B2CD /* UBUriBeaconReader.h */,
				38BA68531BA37C9500F7B2CD /* UBUriBeaconReader.m */,
				38BA68541BA37C9500F7B2CD /* UBUriBeaconScanner.h */,
				38BA68551BA37C9500F7B2CD /* UBUriBeaconScanner.m */,
				38BA68561BA37C9500F7B2CD /* UBUriBeaconScannerPrivate.h */,
				38BA68571BA37C9500F7B2CD /* UBUriBeaconWriter.h */,
				38BA68581BA37C9500F7B2CD /* UBUriBeaconWriter.m */,
				38BA68591BA37C9500F7B2CD /* UBUriReader.h */,
				38BA685A1BA37C9500F7B2CD /* UBUriReader.m */,
				38BA685B1BA37C9500F7B2CD /* UBUriWriter.h */,
				38BA685C1BA37C9500F7B2CD /* UBUriWriter.m */,
				38BA685D1BA37C9500F7B2CD /* UriBeacon.h */,
			);
			name = uribeacon;
			path = "third-party/uribeacon";
			sourceTree = "<group>";
		};
		BDA3FA8A19EF2DD700CFAA74 /* today */ = {
			isa = PBXGroup;
			children = (
				BDDFE6EE1A0069F000A76255 /* today.entitlements */,
				BDA3FA8D19EF2DD700CFAA74 /* TodayViewController.h */,
				BDA3FA8E19EF2DD700CFAA74 /* TodayViewController.m */,
				BDA3FA8B19EF2DD700CFAA74 /* Supporting Files */,
			);
			path = today;
			sourceTree = "<group>";
		};
		BDA3FA8B19EF2DD700CFAA74 /* Supporting Files */ = {
			isa = PBXGroup;
			children = (
				BDA3FA8C19EF2DD700CFAA74 /* Info.plist */,
			);
			name = "Supporting Files";
			sourceTree = "<group>";
		};
		BDC5A9B81B3B3D60008D9A0B /* JBChartView */ = {
			isa = PBXGroup;
			children = (
				BDDC71041B4B20C20000581C /* JBChartView.h */,
				BDDC71051B4B20C20000581C /* JBChartView.m */,
				BDDC71061B4B20C20000581C /* JBLineChartView.h */,
				BDDC71071B4B20C20000581C /* JBLineChartView.m */,
			);
			name = JBChartView;
			sourceTree = "<group>";
		};
		BDE9F17F19A7CDF100AA8DFB = {
			isa = PBXGroup;
			children = (
				BDE9F27E19ABEF3D00AA8DFB /* frameworks */,
				BDE9F18A19A7CDF100AA8DFB /* PhyWeb */,
				BDA3FA8A19EF2DD700CFAA74 /* today */,
				BDE9F18919A7CDF100AA8DFB /* Products */,
			);
			sourceTree = "<group>";
		};
		BDE9F18919A7CDF100AA8DFB /* Products */ = {
			isa = PBXGroup;
			children = (
				BDE9F18819A7CDF100AA8DFB /* PhyWeb.app */,
			);
			name = Products;
			sourceTree = "<group>";
		};
		BDE9F18A19A7CDF100AA8DFB /* PhyWeb */ = {
			isa = PBXGroup;
			children = (
				BDDFE6ED1A0069B700A76255 /* PhyWeb.entitlements */,
				BDE9F1CD19A7E68400AA8DFB /* third-party */,
				BDE9F1AF19A7E46D00AA8DFB /* Backend */,
				BDE9F1B219A7E46D00AA8DFB /* Resources */,
				BDE9F1B619A7E46D00AA8DFB /* UI */,
				BDE9F18F19A7CDF100AA8DFB /* AppDelegate.h */,
				BDE9F19019A7CDF100AA8DFB /* AppDelegate.m */,
				BDE9F19819A7CDF100AA8DFB /* Images.xcassets */,
				BDE9F18B19A7CDF100AA8DFB /* Supporting Files */,
			);
			path = PhyWeb;
			sourceTree = "<group>";
		};
		BDE9F18B19A7CDF100AA8DFB /* Supporting Files */ = {
			isa = PBXGroup;
			children = (
				BDE9F18C19A7CDF100AA8DFB /* Info.plist */,
				BDE9F18D19A7CDF100AA8DFB /* main.m */,
			);
			name = "Supporting Files";
			sourceTree = "<group>";
		};
		BDE9F1AF19A7E46D00AA8DFB /* Backend */ = {
			isa = PBXGroup;
			children = (
				BDE9F1B019A7E46D00AA8DFB /* PWMetadataRequest.h */,
				BDE9F1B119A7E46D00AA8DFB /* PWMetadataRequest.m */,
				BDE9F1D819A7EAFC00AA8DFB /* PWBeaconManager.h */,
				BDE9F1D919A7EAFC00AA8DFB /* PWBeaconManager.m */,
				BDE9F1DE19A7EF3F00AA8DFB /* PWBeacon.h */,
				BDE9F1DF19A7EF3F00AA8DFB /* PWBeacon.m */,
				BDE9F1E119A7FB4000AA8DFB /* PWURLShortener.h */,
				BDE9F1E219A7FB4000AA8DFB /* PWURLShortener.m */,
			);
			path = Backend;
			sourceTree = "<group>";
		};
		BDE9F1B219A7E46D00AA8DFB /* Resources */ = {
			isa = PBXGroup;
			children = (
				BDE4D8C719E355B4007938F0 /* ScanError.png */,
				BDE4D8B519DF65A4007938F0 /* Progress1.png */,
				BDE4D8B619DF65A4007938F0 /* Progress2.png */,
				BDE4D8B719DF65A4007938F0 /* Progress3.png */,
				BDE4D8A719DE03F1007938F0 /* LaunchIcon.png */,
				BDE4D88519DDF678007938F0 /* icon-29.png */,
				BDE4D88619DDF678007938F0 /* icon-40.png */,
				BDE4D88719DDF678007938F0 /* icon-50.png */,
				BDE4D88819DDF678007938F0 /* icon-57.png */,
				BDE4D88919DDF678007938F0 /* icon-58.png */,
				BDE4D88A19DDF678007938F0 /* icon-72.png */,
				BDE4D88B19DDF678007938F0 /* icon-76.png */,
				BDE4D88C19DDF678007938F0 /* icon-80.png */,
				BDE4D88D19DDF678007938F0 /* icon-87.png */,
				BDE4D88E19DDF678007938F0 /* icon-100.png */,
				BDE4D88F19DDF678007938F0 /* icon-114.png */,
				BDE4D89019DDF678007938F0 /* icon-120.png */,
				BDE4D89119DDF678007938F0 /* icon-144.png */,
				BDE4D89219DDF678007938F0 /* icon-152.png */,
				BDE4D89319DDF678007938F0 /* icon-180.png */,
				BDE4D89419DDF678007938F0 /* icon-512.png */,
				BDE9F2AC19AEA58200AA8DFB /* 37x-Checkmark.png */,
				BDE9F2AD19AEA58200AA8DFB /* 37x-Checkmark@2x.png */,
				BDE9F29819AD1D5000AA8DFB /* gear.png */,
				BDE9F29919AD1D5000AA8DFB /* gear@2x.png */,
				BDE4D8A519DE0242007938F0 /* LaunchScreen.xib */,
				BDFC4DCF19E60C1A00DC381C /* licenses.html */,
			);
			path = Resources;
			sourceTree = "<group>";
		};
		BDE9F1B619A7E46D00AA8DFB /* UI */ = {
			isa = PBXGroup;
			children = (
				BDE9F1B719A7E46D00AA8DFB /* PWBeaconCell.h */,
				BDE9F1B819A7E46D00AA8DFB /* PWBeaconCell.m */,
				BDE9F1B919A7E46D00AA8DFB /* PWBeaconsViewController.h */,
				BDE9F1BA19A7E46D00AA8DFB /* PWBeaconsViewController.m */,
				BDE9F1BB19A7E46D00AA8DFB /* PWGradientView.h */,
				BDE9F1BC19A7E46D00AA8DFB /* PWGradientView.m */,
				BDE9F1C119A7E46D00AA8DFB /* PWSignalStrengthView.h */,
				BDE9F1C219A7E46D00AA8DFB /* PWSignalStrengthView.m */,
				BDE9F29C19AD551500AA8DFB /* PWConfigureViewController.h */,
				BDE9F29D19AD551500AA8DFB /* PWConfigureViewController.m */,
				BDE9F29E19AD551500AA8DFB /* PWSettingsViewController.h */,
				BDE9F29F19AD551500AA8DFB /* PWSettingsViewController.m */,
				BDE4D8B219DE154B007938F0 /* PWPlaceholderView.h */,
				BDE4D8B319DE154B007938F0 /* PWPlaceholderView.m */,
				BDE4D8BB19DF65BE007938F0 /* PWActivityIndicator.h */,
				BDE4D8BC19DF65BE007938F0 /* PWActivityIndicator.m */,
				BDFC4DD619E60C5200DC381C /* PWSimpleWebViewController.h */,
				BDFC4DD719E60C5200DC381C /* PWSimpleWebViewController.m */,
				BDC5A9AA1B3B3A90008D9A0B /* PWChartViewController.h */,
				BDC5A9AB1B3B3A90008D9A0B /* PWChartViewController.m */,
				BD3E51B71B4C4ED000F3ECBF /* PWBeaconChartTableViewCell.h */,
				BD3E51B81B4C4ED000F3ECBF /* PWBeaconChartTableViewCell.m */,
			);
			path = UI;
			sourceTree = "<group>";
		};
		BDE9F1CD19A7E68400AA8DFB /* third-party */ = {
			isa = PBXGroup;
			children = (
				38BA681C1BA37C9500F7B2CD /* MBProgressHUD */,
				38BA681F1BA37C9500F7B2CD /* SDWebImage */,
				38BA68411BA37C9500F7B2CD /* SVPullToRefresh */,
				38BA68471BA37C9500F7B2CD /* uribeacon */,
				BDC5A9B81B3B3D60008D9A0B /* JBChartView */,
			);
			name = "third-party";
			sourceTree = "<group>";
		};
		BDE9F27E19ABEF3D00AA8DFB /* frameworks */ = {
			isa = PBXGroup;
			children = (
				BDA3FA8819EF2DD700CFAA74 /* NotificationCenter.framework */,
				BDE9F28519ABF02700AA8DFB /* ImageIO.framework */,
				BDE9F28319ABEFB400AA8DFB /* CoreGraphics.framework */,
				BDE9F28119ABEF5300AA8DFB /* CoreImage.framework */,
				BDE9F27F19ABEF4D00AA8DFB /* CoreBluetooth.framework */,
			);
			name = frameworks;
			sourceTree = "<group>";
		};
/* End PBXGroup section */

/* Begin PBXNativeTarget section */
		BDE9F18719A7CDF100AA8DFB /* PhyWeb */ = {
			isa = PBXNativeTarget;
			buildConfigurationList = BDE9F1A819A7CDF100AA8DFB /* Build configuration list for PBXNativeTarget "PhyWeb" */;
			buildPhases = (
				BDE9F18419A7CDF100AA8DFB /* Sources */,
				BDE9F18519A7CDF100AA8DFB /* Frameworks */,
				BDE9F18619A7CDF100AA8DFB /* Resources */,
			);
			buildRules = (
			);
			dependencies = (
			);
			name = PhyWeb;
			productName = PhyWeb;
			productReference = BDE9F18819A7CDF100AA8DFB /* PhyWeb.app */;
			productType = "com.apple.product-type.application";
		};
/* End PBXNativeTarget section */

/* Begin PBXProject section */
		BDE9F18019A7CDF100AA8DFB /* Project object */ = {
			isa = PBXProject;
			attributes = {
				LastUpgradeCheck = 0600;
				ORGANIZATIONNAME = "Hoa Dinh";
				TargetAttributes = {
					BDE9F18719A7CDF100AA8DFB = {
						CreatedOnToolsVersion = 6.0;
						DevelopmentTeam = Z3U6232Q7B;
						SystemCapabilities = {
							com.apple.ApplicationGroups.iOS = {
								enabled = 0;
							};
						};
					};
				};
			};
			buildConfigurationList = BDE9F18319A7CDF100AA8DFB /* Build configuration list for PBXProject "PhyWeb" */;
			compatibilityVersion = "Xcode 3.2";
			developmentRegion = English;
			hasScannedForEncodings = 0;
			knownRegions = (
				en,
				Base,
			);
			mainGroup = BDE9F17F19A7CDF100AA8DFB;
			productRefGroup = BDE9F18919A7CDF100AA8DFB /* Products */;
			projectDirPath = "";
			projectRoot = "";
			targets = (
				BDE9F18719A7CDF100AA8DFB /* PhyWeb */,
			);
		};
/* End PBXProject section */

/* Begin PBXResourcesBuildPhase section */
		BDE9F18619A7CDF100AA8DFB /* Resources */ = {
			isa = PBXResourcesBuildPhase;
			buildActionMask = 2147483647;
			files = (
				BDE4D8B919DF65A4007938F0 /* Progress2.png in Resources */,
				BDE9F2AF19AEA58200AA8DFB /* 37x-Checkmark@2x.png in Resources */,
				BDE4D8BA19DF65A4007938F0 /* Progress3.png in Resources */,
				BDE9F29A19AD1D5000AA8DFB /* gear.png in Resources */,
				BDE4D8A619DE0242007938F0 /* LaunchScreen.xib in Resources */,
				BDE9F2AE19AEA58200AA8DFB /* 37x-Checkmark.png in Resources */,
				BDFC4DD019E60C1A00DC381C /* licenses.html in Resources */,
				BDE9F29B19AD1D5000AA8DFB /* gear@2x.png in Resources */,
				BDE9F19919A7CDF100AA8DFB /* Images.xcassets in Resources */,
				BDE4D8B819DF65A4007938F0 /* Progress1.png in Resources */,
				BDE4D8A819DE03F1007938F0 /* LaunchIcon.png in Resources */,
				BDE4D8C819E355B4007938F0 /* ScanError.png in Resources */,
			);
			runOnlyForDeploymentPostprocessing = 0;
		};
/* End PBXResourcesBuildPhase section */

/* Begin PBXSourcesBuildPhase section */
		BDE9F18419A7CDF100AA8DFB /* Sources */ = {
			isa = PBXSourcesBuildPhase;
			buildActionMask = 2147483647;
			files = (
				38BA686C1BA37C9500F7B2CD /* UIImageView+HighlightedWebCache.m in Sources */,
				BDE4D8B419DE154B007938F0 /* PWPlaceholderView.m in Sources */,
				38BA68661BA37C9500F7B2CD /* SDWebImageManager.m in Sources */,
				38BA68621BA37C9500F7B2CD /* SDWebImageCompat.m in Sources */,
				38BA68701BA37C9500F7B2CD /* UIScrollView+SVPullToRefresh.m in Sources */,
				38BA68671BA37C9500F7B2CD /* SDWebImagePrefetcher.m in Sources */,
				BDE9F1E019A7EF3F00AA8DFB /* PWBeacon.m in Sources */,
				38BA68611BA37C9500F7B2CD /* SDImageCache.m in Sources */,
				38BA68761BA37C9500F7B2CD /* UBUriBeaconScanner.m in Sources */,
				BDE9F1C719A7E46D00AA8DFB /* PWBeaconCell.m in Sources */,
				38BA68681BA37C9500F7B2CD /* UIButton+WebCache.m in Sources */,
				38BA68771BA37C9500F7B2CD /* UBUriBeaconWriter.m in Sources */,
				38BA68711BA37C9500F7B2CD /* NSString+UB.m in Sources */,
				BDE9F19119A7CDF100AA8DFB /* AppDelegate.m in Sources */,
				BDFC4DD819E60C5200DC381C /* PWSimpleWebViewController.m in Sources */,
				38BA68751BA37C9500F7B2CD /* UBUriBeaconReader.m in Sources */,
				38BA686B1BA37C9500F7B2CD /* UIImage+WebP.m in Sources */,
				38BA686F1BA37C9500F7B2CD /* UIScrollView+SVInfiniteScrolling.m in Sources */,
				BDDC71091B4B20C20000581C /* JBLineChartView.m in Sources */,
				BDE9F1C819A7E46D00AA8DFB /* PWBeaconsViewController.m in Sources */,
				38BA68731BA37C9500F7B2CD /* UBConfigurableUriBeacon.m in Sources */,
				38BA685E1BA37C9500F7B2CD /* MBProgressHUD.m in Sources */,
				38BA68691BA37C9500F7B2CD /* UIImage+GIF.m in Sources */,
				38BA686E1BA37C9500F7B2CD /* UIView+WebCacheOperation.m in Sources */,
				BDE9F2A019AD551500AA8DFB /* PWConfigureViewController.m in Sources */,
				BDE9F1C919A7E46D00AA8DFB /* PWGradientView.m in Sources */,
				38BA686A1BA37C9500F7B2CD /* UIImage+MultiFormat.m in Sources */,
				38BA68631BA37C9500F7B2CD /* SDWebImageDecoder.m in Sources */,
				38BA68791BA37C9500F7B2CD /* UBUriWriter.m in Sources */,
				38BA68601BA37C9500F7B2CD /* NSData+ImageContentType.m in Sources */,
				BDC5A9AC1B3B3A90008D9A0B /* PWChartViewController.m in Sources */,
				38BA68651BA37C9500F7B2CD /* SDWebImageDownloaderOperation.m in Sources */,
				38BA685F1BA37C9500F7B2CD /* MKAnnotationView+WebCache.m in Sources */,
				BDE9F1E319A7FB4000AA8DFB /* PWURLShortener.m in Sources */,
				BDE9F1C319A7E46D00AA8DFB /* PWMetadataRequest.m in Sources */,
				BDE9F2A119AD551500AA8DFB /* PWSettingsViewController.m in Sources */,
				BD3E51B91B4C4ED000F3ECBF /* PWBeaconChartTableViewCell.m in Sources */,
				38BA68641BA37C9500F7B2CD /* SDWebImageDownloader.m in Sources */,
				BDE9F18E19A7CDF100AA8DFB /* main.m in Sources */,
				BDDC71081B4B20C20000581C /* JBChartView.m in Sources */,
				38BA68721BA37C9500F7B2CD /* NSURL+UB.m in Sources */,
				BDE9F1DA19A7EAFC00AA8DFB /* PWBeaconManager.m in Sources */,
				38BA686D1BA37C9500F7B2CD /* UIImageView+WebCache.m in Sources */,
				38BA68781BA37C9500F7B2CD /* UBUriReader.m in Sources */,
				BDE9F1CC19A7E46D00AA8DFB /* PWSignalStrengthView.m in Sources */,
				BDE4D8BD19DF65BE007938F0 /* PWActivityIndicator.m in Sources */,
				38BA68741BA37C9500F7B2CD /* UBUriBeacon.m in Sources */,
			);
			runOnlyForDeploymentPostprocessing = 0;
		};
/* End PBXSourcesBuildPhase section */

/* Begin XCBuildConfiguration section */
		BDE9F1A619A7CDF100AA8DFB /* Debug */ = {
			isa = XCBuildConfiguration;
			buildSettings = {
				ALWAYS_SEARCH_USER_PATHS = NO;
				CLANG_CXX_LANGUAGE_STANDARD = "gnu++0x";
				CLANG_CXX_LIBRARY = "libc++";
				CLANG_ENABLE_MODULES = YES;
				CLANG_ENABLE_OBJC_ARC = YES;
				CLANG_WARN_BOOL_CONVERSION = YES;
				CLANG_WARN_CONSTANT_CONVERSION = YES;
				CLANG_WARN_DIRECT_OBJC_ISA_USAGE = YES_ERROR;
				CLANG_WARN_EMPTY_BODY = YES;
				CLANG_WARN_ENUM_CONVERSION = YES;
				CLANG_WARN_INT_CONVERSION = YES;
				CLANG_WARN_OBJC_ROOT_CLASS = YES_ERROR;
				CLANG_WARN_UNREACHABLE_CODE = YES;
				CLANG_WARN__DUPLICATE_METHOD_MATCH = YES;
				"CODE_SIGN_IDENTITY[sdk=iphoneos*]" = "iPhone Developer";
				COPY_PHASE_STRIP = NO;
				ENABLE_STRICT_OBJC_MSGSEND = YES;
				GCC_C_LANGUAGE_STANDARD = gnu99;
				GCC_DYNAMIC_NO_PIC = NO;
				GCC_OPTIMIZATION_LEVEL = 0;
				GCC_PREPROCESSOR_DEFINITIONS = (
					"DEBUG=1",
					"$(inherited)",
				);
				GCC_SYMBOLS_PRIVATE_EXTERN = NO;
				GCC_WARN_64_TO_32_BIT_CONVERSION = YES;
				GCC_WARN_ABOUT_RETURN_TYPE = YES_ERROR;
				GCC_WARN_UNDECLARED_SELECTOR = YES;
				GCC_WARN_UNINITIALIZED_AUTOS = YES_AGGRESSIVE;
				GCC_WARN_UNUSED_FUNCTION = YES;
				GCC_WARN_UNUSED_VARIABLE = YES;
				IPHONEOS_DEPLOYMENT_TARGET = 8.0;
				MTL_ENABLE_DEBUG_INFO = YES;
				ONLY_ACTIVE_ARCH = YES;
				SDKROOT = iphoneos;
				TARGETED_DEVICE_FAMILY = "1,2";
			};
			name = Debug;
		};
		BDE9F1A719A7CDF100AA8DFB /* Release */ = {
			isa = XCBuildConfiguration;
			buildSettings = {
				ALWAYS_SEARCH_USER_PATHS = NO;
				CLANG_CXX_LANGUAGE_STANDARD = "gnu++0x";
				CLANG_CXX_LIBRARY = "libc++";
				CLANG_ENABLE_MODULES = YES;
				CLANG_ENABLE_OBJC_ARC = YES;
				CLANG_WARN_BOOL_CONVERSION = YES;
				CLANG_WARN_CONSTANT_CONVERSION = YES;
				CLANG_WARN_DIRECT_OBJC_ISA_USAGE = YES_ERROR;
				CLANG_WARN_EMPTY_BODY = YES;
				CLANG_WARN_ENUM_CONVERSION = YES;
				CLANG_WARN_INT_CONVERSION = YES;
				CLANG_WARN_OBJC_ROOT_CLASS = YES_ERROR;
				CLANG_WARN_UNREACHABLE_CODE = YES;
				CLANG_WARN__DUPLICATE_METHOD_MATCH = YES;
				"CODE_SIGN_IDENTITY[sdk=iphoneos*]" = "iPhone Developer";
				COPY_PHASE_STRIP = YES;
				ENABLE_NS_ASSERTIONS = NO;
				ENABLE_STRICT_OBJC_MSGSEND = YES;
				GCC_C_LANGUAGE_STANDARD = gnu99;
				GCC_WARN_64_TO_32_BIT_CONVERSION = YES;
				GCC_WARN_ABOUT_RETURN_TYPE = YES_ERROR;
				GCC_WARN_UNDECLARED_SELECTOR = YES;
				GCC_WARN_UNINITIALIZED_AUTOS = YES_AGGRESSIVE;
				GCC_WARN_UNUSED_FUNCTION = YES;
				GCC_WARN_UNUSED_VARIABLE = YES;
				IPHONEOS_DEPLOYMENT_TARGET = 8.0;
				MTL_ENABLE_DEBUG_INFO = NO;
				SDKROOT = iphoneos;
				TARGETED_DEVICE_FAMILY = "1,2";
				VALIDATE_PRODUCT = YES;
			};
			name = Release;
		};
		BDE9F1A919A7CDF100AA8DFB /* Debug */ = {
			isa = XCBuildConfiguration;
			buildSettings = {
				ASSETCATALOG_COMPILER_APPICON_NAME = AppIcon;
				CODE_SIGN_IDENTITY = "iPhone Developer: Jefferson Prestes (966VQD59R2)";
				"CODE_SIGN_IDENTITY[sdk=*]" = "iPhone Developer";
				INFOPLIST_FILE = PhyWeb/Info.plist;
				LD_RUNPATH_SEARCH_PATHS = "$(inherited) @executable_path/Frameworks";
				LIBRARY_SEARCH_PATHS = (
					"$(inherited)",
					"$(USER_LIBRARY_DIR)/Developer/Xcode/DerivedData/PhyWeb-cbgefceavrhccbcxfekuupylonps/Build/Products/Debug-iphoneos",
				);
				OTHER_LDFLAGS = "-ObjC";
				PRODUCT_NAME = "$(TARGET_NAME)";
				PROVISIONING_PROFILE = "d16fa585-8875-418c-84e4-0ea370912aec";
			};
			name = Debug;
		};
		BDE9F1AA19A7CDF100AA8DFB /* Release */ = {
			isa = XCBuildConfiguration;
			buildSettings = {
				ASSETCATALOG_COMPILER_APPICON_NAME = AppIcon;
				CODE_SIGN_IDENTITY = "";
				"CODE_SIGN_IDENTITY[sdk=iphoneos*]" = "";
				INFOPLIST_FILE = PhyWeb/Info.plist;
				LD_RUNPATH_SEARCH_PATHS = "$(inherited) @executable_path/Frameworks";
				LIBRARY_SEARCH_PATHS = (
					"$(inherited)",
					"$(USER_LIBRARY_DIR)/Developer/Xcode/DerivedData/PhyWeb-cbgefceavrhccbcxfekuupylonps/Build/Products/Debug-iphoneos",
				);
				OTHER_LDFLAGS = "-ObjC";
				PRODUCT_NAME = "$(TARGET_NAME)";
				PROVISIONING_PROFILE = "d16fa585-8875-418c-84e4-0ea370912aec";
			};
			name = Release;
		};
/* End XCBuildConfiguration section */

/* Begin XCConfigurationList section */
		BDE9F18319A7CDF100AA8DFB /* Build configuration list for PBXProject "PhyWeb" */ = {
			isa = XCConfigurationList;
			buildConfigurations = (
				BDE9F1A619A7CDF100AA8DFB /* Debug */,
				BDE9F1A719A7CDF100AA8DFB /* Release */,
			);
			defaultConfigurationIsVisible = 0;
			defaultConfigurationName = Release;
		};
		BDE9F1A819A7CDF100AA8DFB /* Build configuration list for PBXNativeTarget "PhyWeb" */ = {
			isa = XCConfigurationList;
			buildConfigurations = (
				BDE9F1A919A7CDF100AA8DFB /* Debug */,
				BDE9F1AA19A7CDF100AA8DFB /* Release */,
			);
			defaultConfigurationIsVisible = 0;
			defaultConfigurationName = Release;
		};
/* End XCConfigurationList section */
	};
	rootObject = BDE9F18019A7CDF100AA8DFB /* Project object */;
}
